
Microsoft Visual Studio Solution File, Format Version 12.00
# Visual Studio 15
VisualStudioVersion = 15.0.28010.2026
MinimumVisualStudioVersion = 10.0.40219.1
Project("{9A19103F-16F7-4668-BE54-9A1E7A4F7556}") = "DSCC_CW1_6540_API", "ProductApiWithRedis\DSCC_CW1_6540_API.csproj", "{5D2507FA-0F96-4210-AF54-27C79BC7D1DF}"
EndProject
Global
	GlobalSection(SolutionConfigurationPlatforms) = preSolution
		Debug|Any CPU = Debug|Any CPU
		Release|Any CPU = Release|Any CPU
	EndGlobalSection
	GlobalSection(ProjectConfigurationPlatforms) = postSolution
		{5D2507FA-0F96-4210-AF54-27C79BC7D1DF}.Debug|Any CPU.ActiveCfg = Debug|Any CPU
		{5D2507FA-0F96-4210-AF54-27C79BC7D1DF}.Debug|Any CPU.Build.0 = Debug|Any CPU
		{5D2507FA-0F96-4210-AF54-27C79BC7D1DF}.Release|Any CPU.ActiveCfg = Release|Any CPU
		{5D2507FA-0F96-4210-AF54-27C79BC7D1DF}.Release|Any CPU.Build.0 = Release|Any CPU
	EndGlobalSection
	GlobalSection(SolutionProperties) = preSolution
		HideSolutionNode = FALSE
	EndGlobalSection
	GlobalSection(ExtensibilityGlobals) = postSolution
		SolutionGuid = {A1C90460-A84F-4B78-A462-8121E6719ED6}
	EndGlobalSection
EndGlobal
